
Microsoft Visual Studio Solution File, Format Version 12.00
# Visual Studio Version 16
VisualStudioVersion = 16.0.30503.244
MinimumVisualStudioVersion = 10.0.40219.1
Project("{FAE04EC0-301F-11D3-BF4B-00C04F79EFBC}") = "SharpSnip", "WolfPaw ScreenSnip\SharpSnip.csproj", "{F77FB264-7BB3-4A5D-87B2-EB9315028B60}"
EndProject
Project("{FAE04EC0-301F-11D3-BF4B-00C04F79EFBC}") = "Up2Site", "Up2Site\Up2Site.csproj", "{AF54178C-343D-487C-A80E-1915811A1DBF}"
EndProject
Project("{FAE04EC0-301F-11D3-BF4B-00C04F79EFBC}") = "PerpetualUpdater", "PerpetualUpdater\PerpetualUpdater.csproj", "{5AD37116-A0ED-4F5E-8903-C9FCA946F71A}"
EndProject
Project("{2150E333-8FDC-42A3-9474-1A3956D46DE8}") = "Solution Items", "Solution Items", "{73700711-B6FA-4839-A525-56876F4EDE51}"
	ProjectSection(SolutionItems) = preProject
		.editorconfig = .editorconfig
	EndProjectSection
EndProject
Project("{FAE04EC0-301F-11D3-BF4B-00C04F79EFBC}") = "WolfPaw - BetterDialogs", "C:\Users\WolfyD\source\repos\WolfPaw - BetterDialogs\WolfPaw - BetterDialogs\WolfPaw - BetterDialogs.csproj", "{9DCA349B-AB77-4309-AB38-DC59FB6FFDE7}"
EndProject
Global
	GlobalSection(SolutionConfigurationPlatforms) = preSolution
		Debug|Any CPU = Debug|Any CPU
		Debug|x64 = Debug|x64
		Debug|x86 = Debug|x86
		Release|Any CPU = Release|Any CPU
		Release|x64 = Release|x64
		Release|x86 = Release|x86
	EndGlobalSection
	GlobalSection(ProjectConfigurationPlatforms) = postSolution
		{F77FB264-7BB3-4A5D-87B2-EB9315028B60}.Debug|Any CPU.ActiveCfg = Debug|Any CPU
		{F77FB264-7BB3-4A5D-87B2-EB9315028B60}.Debug|Any CPU.Build.0 = Debug|Any CPU
		{F77FB264-7BB3-4A5D-87B2-EB9315028B60}.Debug|x64.ActiveCfg = Debug|x64
		{F77FB264-7BB3-4A5D-87B2-EB9315028B60}.Debug|x64.Build.0 = Debug|x64
		{F77FB264-7BB3-4A5D-87B2-EB9315028B60}.Debug|x86.ActiveCfg = Debug|x86
		{F77FB264-7BB3-4A5D-87B2-EB9315028B60}.Debug|x86.Build.0 = Debug|x86
		{F77FB264-7BB3-4A5D-87B2-EB9315028B60}.Release|Any CPU.ActiveCfg = Release|Any CPU
		{F77FB264-7BB3-4A5D-87B2-EB9315028B60}.Release|Any CPU.Build.0 = Release|Any CPU
		{F77FB264-7BB3-4A5D-87B2-EB9315028B60}.Release|x64.ActiveCfg = Release|x64
		{F77FB264-7BB3-4A5D-87B2-EB9315028B60}.Release|x64.Build.0 = Release|x64
		{F77FB264-7BB3-4A5D-87B2-EB9315028B60}.Release|x86.ActiveCfg = Release|x86
		{F77FB264-7BB3-4A5D-87B2-EB9315028B60}.Release|x86.Build.0 = Release|x86
		{AF54178C-343D-487C-A80E-1915811A1DBF}.Debug|Any CPU.ActiveCfg = Debug|Any CPU
		{AF54178C-343D-487C-A80E-1915811A1DBF}.Debug|Any CPU.Build.0 = Debug|Any CPU
		{AF54178C-343D-487C-A80E-1915811A1DBF}.Debug|x64.ActiveCfg = Debug|Any CPU
		{AF54178C-343D-487C-A80E-1915811A1DBF}.Debug|x64.Build.0 = Debug|Any CPU
		{AF54178C-343D-487C-A80E-1915811A1DBF}.Debug|x86.ActiveCfg = Debug|Any CPU
		{AF54178C-343D-487C-A80E-1915811A1DBF}.Debug|x86.Build.0 = Debug|Any CPU
		{AF54178C-343D-487C-A80E-1915811A1DBF}.Release|Any CPU.ActiveCfg = Release|Any CPU
		{AF54178C-343D-487C-A80E-1915811A1DBF}.Release|Any CPU.Build.0 = Release|Any CPU
		{AF54178C-343D-487C-A80E-1915811A1DBF}.Release|x64.ActiveCfg = Release|Any CPU
		{AF54178C-343D-487C-A80E-1915811A1DBF}.Release|x64.Build.0 = Release|Any CPU
		{AF54178C-343D-487C-A80E-1915811A1DBF}.Release|x86.ActiveCfg = Release|Any CPU
		{AF54178C-343D-487C-A80E-1915811A1DBF}.Release|x86.Build.0 = Release|Any CPU
		{5AD37116-A0ED-4F5E-8903-C9FCA946F71A}.Debug|Any CPU.ActiveCfg = Debug|Any CPU
		{5AD37116-A0ED-4F5E-8903-C9FCA946F71A}.Debug|Any CPU.Build.0 = Debug|Any CPU
		{5AD37116-A0ED-4F5E-8903-C9FCA946F71A}.Debug|x64.ActiveCfg = Debug|Any CPU
		{5AD37116-A0ED-4F5E-8903-C9FCA946F71A}.Debug|x64.Build.0 = Debug|Any CPU
		{5AD37116-A0ED-4F5E-8903-C9FCA946F71A}.Debug|x86.ActiveCfg = Debug|Any CPU
		{5AD37116-A0ED-4F5E-8903-C9FCA946F71A}.Debug|x86.Build.0 = Debug|Any CPU
		{5AD37116-A0ED-4F5E-8903-C9FCA946F71A}.Release|Any CPU.ActiveCfg = Release|Any CPU
		{5AD37116-A0ED-4F5E-8903-C9FCA946F71A}.Release|Any CPU.Build.0 = Release|Any CPU
		{5AD37116-A0ED-4F5E-8903-C9FCA946F71A}.Release|x64.ActiveCfg = Release|Any CPU
		{5AD37116-A0ED-4F5E-8903-C9FCA946F71A}.Release|x64.Build.0 = Release|Any CPU
		{5AD37116-A0ED-4F5E-8903-C9FCA946F71A}.Release|x86.ActiveCfg = Release|Any CPU
		{5AD37116-A0ED-4F5E-8903-C9FCA946F71A}.Release|x86.Build.0 = Release|Any CPU
		{9DCA349B-AB77-4309-AB38-DC59FB6FFDE7}.Debug|Any CPU.ActiveCfg = Debug|Any CPU
		{9DCA349B-AB77-4309-AB38-DC59FB6FFDE7}.Debug|Any CPU.Build.0 = Debug|Any CPU
		{9DCA349B-AB77-4309-AB38-DC59FB6FFDE7}.Debug|x64.ActiveCfg = Debug|Any CPU
		{9DCA349B-AB77-4309-AB38-DC59FB6FFDE7}.Debug|x64.Build.0 = Debug|Any CPU
		{9DCA349B-AB77-4309-AB38-DC59FB6FFDE7}.Debug|x86.ActiveCfg = Debug|Any CPU
		{9DCA349B-AB77-4309-AB38-DC59FB6FFDE7}.Debug|x86.Build.0 = Debug|Any CPU
		{9DCA349B-AB77-4309-AB38-DC59FB6FFDE7}.Release|Any CPU.ActiveCfg = Release|Any CPU
		{9DCA349B-AB77-4309-AB38-DC59FB6FFDE7}.Release|Any CPU.Build.0 = Release|Any CPU
		{9DCA349B-AB77-4309-AB38-DC59FB6FFDE7}.Release|x64.ActiveCfg = Release|Any CPU
		{9DCA349B-AB77-4309-AB38-DC59FB6FFDE7}.Release|x64.Build.0 = Release|Any CPU
		{9DCA349B-AB77-4309-AB38-DC59FB6FFDE7}.Release|x86.ActiveCfg = Release|Any CPU
		{9DCA349B-AB77-4309-AB38-DC59FB6FFDE7}.Release|x86.Build.0 = Release|Any CPU
	EndGlobalSection
	GlobalSection(SolutionProperties) = preSolution
		HideSolutionNode = FALSE
	EndGlobalSection
	GlobalSection(ExtensibilityGlobals) = postSolution
		SolutionGuid = {F5771036-0628-402F-8E02-2F682FA4327A}
	EndGlobalSection
EndGlobal
